
Microsoft Visual Studio Solution File, Format Version 12.00
# Visual Studio Version 16
VisualStudioVersion = 16.0.29020.237
MinimumVisualStudioVersion = 10.0.40219.1
Project("{FAE04EC0-301F-11D3-BF4B-00C04F79EFBC}") = "Cosmos.Hello.ConsoleClient", "Cosmos.Hello.ConsoleClient\Cosmos.Hello.ConsoleClient.csproj", "{06DD7B32-3BFC-48D7-B771-D7FE3B90407F}"
EndProject
Project("{9A19103F-16F7-4668-BE54-9A1E7A4F7556}") = "Cosmos.Hello.Entities", "Cosmos.Hello.Entities\Cosmos.Hello.Entities.csproj", "{B3562115-87A4-450D-B35B-BBC653CC702C}"
EndProject
Project("{FAE04EC0-301F-11D3-BF4B-00C04F79EFBC}") = "Cosmos.Hello.WebApi", "Cosmos.Hello.WebApi\Cosmos.Hello.WebApi.csproj", "{F186E93E-5A0A-4828-83E7-39A86017F0E4}"
EndProject
Project("{FAE04EC0-301F-11D3-BF4B-00C04F79EFBC}") = "Cosmos.Hello.Serverless", "Cosmos.Hello.Serverless\Cosmos.Hello.Serverless.csproj", "{6FF7ED1C-3155-43BC-85CF-0D4C6E69686B}"
EndProject
Global
	GlobalSection(SolutionConfigurationPlatforms) = preSolution
		Debug|Any CPU = Debug|Any CPU
		Release|Any CPU = Release|Any CPU
	EndGlobalSection
	GlobalSection(ProjectConfigurationPlatforms) = postSolution
		{06DD7B32-3BFC-48D7-B771-D7FE3B90407F}.Debug|Any CPU.ActiveCfg = Debug|Any CPU
		{06DD7B32-3BFC-48D7-B771-D7FE3B90407F}.Debug|Any CPU.Build.0 = Debug|Any CPU
		{06DD7B32-3BFC-48D7-B771-D7FE3B90407F}.Release|Any CPU.ActiveCfg = Release|Any CPU
		{06DD7B32-3BFC-48D7-B771-D7FE3B90407F}.Release|Any CPU.Build.0 = Release|Any CPU
		{B3562115-87A4-450D-B35B-BBC653CC702C}.Debug|Any CPU.ActiveCfg = Debug|Any CPU
		{B3562115-87A4-450D-B35B-BBC653CC702C}.Debug|Any CPU.Build.0 = Debug|Any CPU
		{B3562115-87A4-450D-B35B-BBC653CC702C}.Release|Any CPU.ActiveCfg = Release|Any CPU
		{B3562115-87A4-450D-B35B-BBC653CC702C}.Release|Any CPU.Build.0 = Release|Any CPU
		{F186E93E-5A0A-4828-83E7-39A86017F0E4}.Debug|Any CPU.ActiveCfg = Debug|Any CPU
		{F186E93E-5A0A-4828-83E7-39A86017F0E4}.Debug|Any CPU.Build.0 = Debug|Any CPU
		{F186E93E-5A0A-4828-83E7-39A86017F0E4}.Release|Any CPU.ActiveCfg = Release|Any CPU
		{F186E93E-5A0A-4828-83E7-39A86017F0E4}.Release|Any CPU.Build.0 = Release|Any CPU
		{6FF7ED1C-3155-43BC-85CF-0D4C6E69686B}.Debug|Any CPU.ActiveCfg = Debug|Any CPU
		{6FF7ED1C-3155-43BC-85CF-0D4C6E69686B}.Debug|Any CPU.Build.0 = Debug|Any CPU
		{6FF7ED1C-3155-43BC-85CF-0D4C6E69686B}.Release|Any CPU.ActiveCfg = Release|Any CPU
		{6FF7ED1C-3155-43BC-85CF-0D4C6E69686B}.Release|Any CPU.Build.0 = Release|Any CPU
	EndGlobalSection
	GlobalSection(SolutionProperties) = preSolution
		HideSolutionNode = FALSE
	EndGlobalSection
	GlobalSection(ExtensibilityGlobals) = postSolution
		SolutionGuid = {F24E86EE-4832-4A23-9C42-6913EBF7997E}
	EndGlobalSection
EndGlobal
