
Microsoft Visual Studio Solution File, Format Version 12.00
# Visual Studio Version 16
VisualStudioVersion = 16.0.29020.237
MinimumVisualStudioVersion = 10.0.40219.1
Project("{FAE04EC0-301F-11D3-BF4B-00C04F79EFBC}") = "Cosmos.Hello.ConsoleClient", "Cosmos.Hello.ConsoleClient\Cosmos.Hello.ConsoleClient.csproj", "{06DD7B32-3BFC-48D7-B771-D7FE3B90407F}"
EndProject
Project("{FAE04EC0-301F-11D3-BF4B-00C04F79EFBC}") = "Cosmos.Hello.Entities", "Cosmos.Hello.Entities\Cosmos.Hello.Entities.csproj", "{B3562115-87A4-450D-B35B-BBC653CC702C}"
EndProject
Global
	GlobalSection(SolutionConfigurationPlatforms) = preSolution
		Debug|Any CPU = Debug|Any CPU
		Release|Any CPU = Release|Any CPU
	EndGlobalSection
	GlobalSection(ProjectConfigurationPlatforms) = postSolution
		{06DD7B32-3BFC-48D7-B771-D7FE3B90407F}.Debug|Any CPU.ActiveCfg = Debug|Any CPU
		{06DD7B32-3BFC-48D7-B771-D7FE3B90407F}.Debug|Any CPU.Build.0 = Debug|Any CPU
		{06DD7B32-3BFC-48D7-B771-D7FE3B90407F}.Release|Any CPU.ActiveCfg = Release|Any CPU
		{06DD7B32-3BFC-48D7-B771-D7FE3B90407F}.Release|Any CPU.Build.0 = Release|Any CPU
		{B3562115-87A4-450D-B35B-BBC653CC702C}.Debug|Any CPU.ActiveCfg = Debug|Any CPU
		{B3562115-87A4-450D-B35B-BBC653CC702C}.Debug|Any CPU.Build.0 = Debug|Any CPU
		{B3562115-87A4-450D-B35B-BBC653CC702C}.Release|Any CPU.ActiveCfg = Release|Any CPU
		{B3562115-87A4-450D-B35B-BBC653CC702C}.Release|Any CPU.Build.0 = Release|Any CPU
	EndGlobalSection
	GlobalSection(SolutionProperties) = preSolution
		HideSolutionNode = FALSE
	EndGlobalSection
	GlobalSection(ExtensibilityGlobals) = postSolution
		SolutionGuid = {F24E86EE-4832-4A23-9C42-6913EBF7997E}
	EndGlobalSection
EndGlobal
